
Microsoft Visual Studio Solution File, Format Version 12.00
# Visual Studio Version 16
VisualStudioVersion = 16.0.32602.291
MinimumVisualStudioVersion = 10.0.40219.1
Project("{FAE04EC0-301F-11D3-BF4B-00C04F79EFBC}") = "prueba", "prueba\prueba.csproj", "{2A867D4C-F5FE-4F59-B27C-D594B8BC7BCC}"
EndProject
Global
	GlobalSection(SolutionConfigurationPlatforms) = preSolution
		Debug|Any CPU = Debug|Any CPU
		Release|Any CPU = Release|Any CPU
	EndGlobalSection
	GlobalSection(ProjectConfigurationPlatforms) = postSolution
		{2A867D4C-F5FE-4F59-B27C-D594B8BC7BCC}.Debug|Any CPU.ActiveCfg = Debug|Any CPU
		{2A867D4C-F5FE-4F59-B27C-D594B8BC7BCC}.Debug|Any CPU.Build.0 = Debug|Any CPU
		{2A867D4C-F5FE-4F59-B27C-D594B8BC7BCC}.Release|Any CPU.ActiveCfg = Release|Any CPU
		{2A867D4C-F5FE-4F59-B27C-D594B8BC7BCC}.Release|Any CPU.Build.0 = Release|Any CPU
	EndGlobalSection
	GlobalSection(SolutionProperties) = preSolution
		HideSolutionNode = FALSE
	EndGlobalSection
	GlobalSection(ExtensibilityGlobals) = postSolution
		SolutionGuid = {C7332A66-2618-4770-8482-56EABF9E8EEB}
	EndGlobalSection
EndGlobal
